
Microsoft Visual Studio Solution File, Format Version 12.00
# Visual Studio Version 16
VisualStudioVersion = 16.0.29613.14
MinimumVisualStudioVersion = 10.0.40219.1
Project("{8BC9CEB8-8B4A-11D0-8D11-00A0C91BC942}") = "arduinodemo", "arduinodemo\arduinodemo.vcxproj", "{C5F80730-F44F-4478-BDAE-6634EFC2CA88}"
EndProject
Project("{8BC9CEB8-8B4A-11D0-8D11-00A0C91BC942}") = "laserdemo", "laserdemo\laserdemo.vcxproj", "{5874818C-BD19-4A08-AC3A-4483E149B9BC}"
EndProject
Project("{8BC9CEB8-8B4A-11D0-8D11-00A0C91BC942}") = "led_blinks", "led_blinks\led_blinks.vcxproj", "{A020B9A7-94E1-4816-9615-16982850B37D}"
EndProject
Global
	GlobalSection(SolutionConfigurationPlatforms) = preSolution
		Debug|x86 = Debug|x86
		Release|x86 = Release|x86
	EndGlobalSection
	GlobalSection(ProjectConfigurationPlatforms) = postSolution
		{C5F80730-F44F-4478-BDAE-6634EFC2CA88}.Debug|x86.ActiveCfg = Debug|Win32
		{C5F80730-F44F-4478-BDAE-6634EFC2CA88}.Debug|x86.Build.0 = Debug|Win32
		{C5F80730-F44F-4478-BDAE-6634EFC2CA88}.Release|x86.ActiveCfg = Release|Win32
		{C5F80730-F44F-4478-BDAE-6634EFC2CA88}.Release|x86.Build.0 = Release|Win32
		{5874818C-BD19-4A08-AC3A-4483E149B9BC}.Debug|x86.ActiveCfg = Debug|Win32
		{5874818C-BD19-4A08-AC3A-4483E149B9BC}.Debug|x86.Build.0 = Debug|Win32
		{5874818C-BD19-4A08-AC3A-4483E149B9BC}.Release|x86.ActiveCfg = Release|Win32
		{5874818C-BD19-4A08-AC3A-4483E149B9BC}.Release|x86.Build.0 = Release|Win32
		{A020B9A7-94E1-4816-9615-16982850B37D}.Debug|x86.ActiveCfg = Debug|Win32
		{A020B9A7-94E1-4816-9615-16982850B37D}.Debug|x86.Build.0 = Debug|Win32
		{A020B9A7-94E1-4816-9615-16982850B37D}.Release|x86.ActiveCfg = Release|Win32
		{A020B9A7-94E1-4816-9615-16982850B37D}.Release|x86.Build.0 = Release|Win32
	EndGlobalSection
	GlobalSection(SolutionProperties) = preSolution
		HideSolutionNode = FALSE
	EndGlobalSection
	GlobalSection(ExtensibilityGlobals) = postSolution
		SolutionGuid = {373B4E7A-EFD3-4B85-A51E-4E68C967A648}
	EndGlobalSection
EndGlobal
